
Microsoft Visual Studio Solution File, Format Version 12.00
# Visual Studio Version 17
VisualStudioVersion = 17.0.31423.177
MinimumVisualStudioVersion = 10.0.40219.1
Project("{FAE04EC0-301F-11D3-BF4B-00C04F79EFBC}") = "BlazorQuiz.Server", "BlazorQuiz\Server\BlazorQuiz.Server.csproj", "{9E0F71E0-E4E5-43D8-8310-2DEFDE8E3D09}"
EndProject
Project("{FAE04EC0-301F-11D3-BF4B-00C04F79EFBC}") = "BlazorQuiz.Client", "BlazorQuiz\Client\BlazorQuiz.Client.csproj", "{4DFA7486-500E-46CC-97CB-AA4C799CEB3F}"
EndProject
Project("{FAE04EC0-301F-11D3-BF4B-00C04F79EFBC}") = "BlazorQuiz.Shared", "BlazorQuiz\Shared\BlazorQuiz.Shared.csproj", "{784AE13A-36DC-4ABD-9474-D1D38F68813E}"
EndProject
Global
	GlobalSection(SolutionConfigurationPlatforms) = preSolution
		Debug|Any CPU = Debug|Any CPU
		Release|Any CPU = Release|Any CPU
	EndGlobalSection
	GlobalSection(ProjectConfigurationPlatforms) = postSolution
		{9E0F71E0-E4E5-43D8-8310-2DEFDE8E3D09}.Debug|Any CPU.ActiveCfg = Debug|Any CPU
		{9E0F71E0-E4E5-43D8-8310-2DEFDE8E3D09}.Debug|Any CPU.Build.0 = Debug|Any CPU
		{9E0F71E0-E4E5-43D8-8310-2DEFDE8E3D09}.Release|Any CPU.ActiveCfg = Release|Any CPU
		{9E0F71E0-E4E5-43D8-8310-2DEFDE8E3D09}.Release|Any CPU.Build.0 = Release|Any CPU
		{4DFA7486-500E-46CC-97CB-AA4C799CEB3F}.Debug|Any CPU.ActiveCfg = Debug|Any CPU
		{4DFA7486-500E-46CC-97CB-AA4C799CEB3F}.Debug|Any CPU.Build.0 = Debug|Any CPU
		{4DFA7486-500E-46CC-97CB-AA4C799CEB3F}.Release|Any CPU.ActiveCfg = Release|Any CPU
		{4DFA7486-500E-46CC-97CB-AA4C799CEB3F}.Release|Any CPU.Build.0 = Release|Any CPU
		{784AE13A-36DC-4ABD-9474-D1D38F68813E}.Debug|Any CPU.ActiveCfg = Debug|Any CPU
		{784AE13A-36DC-4ABD-9474-D1D38F68813E}.Debug|Any CPU.Build.0 = Debug|Any CPU
		{784AE13A-36DC-4ABD-9474-D1D38F68813E}.Release|Any CPU.ActiveCfg = Release|Any CPU
		{784AE13A-36DC-4ABD-9474-D1D38F68813E}.Release|Any CPU.Build.0 = Release|Any CPU
	EndGlobalSection
	GlobalSection(SolutionProperties) = preSolution
		HideSolutionNode = FALSE
	EndGlobalSection
	GlobalSection(ExtensibilityGlobals) = postSolution
		SolutionGuid = {9FA11CF8-6F6D-4020-9F7B-F8AE422AE67A}
	EndGlobalSection
EndGlobal
